
Microsoft Visual Studio Solution File, Format Version 12.00
# Visual Studio 15
VisualStudioVersion = 15.0.27428.2043
MinimumVisualStudioVersion = 10.0.40219.1
Project("{F2A71F9B-5D33-465A-A702-920D77279786}") = "Module1", "Module1\Module1.fsproj", "{EC2ADB59-9133-45B4-B63A-90C2D19F6DA4}"
EndProject
Global
	GlobalSection(SolutionConfigurationPlatforms) = preSolution
		Debug|Any CPU = Debug|Any CPU
		Release|Any CPU = Release|Any CPU
	EndGlobalSection
	GlobalSection(ProjectConfigurationPlatforms) = postSolution
		{EC2ADB59-9133-45B4-B63A-90C2D19F6DA4}.Debug|Any CPU.ActiveCfg = Debug|Any CPU
		{EC2ADB59-9133-45B4-B63A-90C2D19F6DA4}.Debug|Any CPU.Build.0 = Debug|Any CPU
		{EC2ADB59-9133-45B4-B63A-90C2D19F6DA4}.Release|Any CPU.ActiveCfg = Release|Any CPU
		{EC2ADB59-9133-45B4-B63A-90C2D19F6DA4}.Release|Any CPU.Build.0 = Release|Any CPU
	EndGlobalSection
	GlobalSection(SolutionProperties) = preSolution
		HideSolutionNode = FALSE
	EndGlobalSection
	GlobalSection(ExtensibilityGlobals) = postSolution
		SolutionGuid = {C52E635C-183C-43D2-B2BD-C4C319B4FAA2}
	EndGlobalSection
EndGlobal
